// !$*UTF8*$!
{
	archiveVersion = 1;
	classes = {
	};
	objectVersion = 46;
	objects = {

/* Begin PBXBuildFile section */
		6F9245E61890C8CA001EC459 /* Foundation.framework in Frameworks */ = {isa = PBXBuildFile; fileRef = 6F9245E51890C8CA001EC459 /* Foundation.framework */; };
		6F9245E81890C8CA001EC459 /* CoreGraphics.framework in Frameworks */ = {isa = PBXBuildFile; fileRef = 6F9245E71890C8CA001EC459 /* CoreGraphics.framework */; };
		6F9245EA1890C8CA001EC459 /* UIKit.framework in Frameworks */ = {isa = PBXBuildFile; fileRef = 6F9245E91890C8CA001EC459 /* UIKit.framework */; };
		6F9245F01890C8CA001EC459 /* InfoPlist.strings in Resources */ = {isa = PBXBuildFile; fileRef = 6F9245EE1890C8CA001EC459 /* InfoPlist.strings */; };
		6F9245F21890C8CA001EC459 /* main.m in Sources */ = {isa = PBXBuildFile; fileRef = 6F9245F11890C8CA001EC459 /* main.m */; };
		6F9245F61890C8CA001EC459 /* AppDelegate.m in Sources */ = {isa = PBXBuildFile; fileRef = 6F9245F51890C8CA001EC459 /* AppDelegate.m */; };
		6F9245F81890C8CA001EC459 /* Images.xcassets in Resources */ = {isa = PBXBuildFile; fileRef = 6F9245F71890C8CA001EC459 /* Images.xcassets */; };
		6F9245FF1890C8CA001EC459 /* XCTest.framework in Frameworks */ = {isa = PBXBuildFile; fileRef = 6F9245FE1890C8CA001EC459 /* XCTest.framework */; };
		6F9246001890C8CA001EC459 /* Foundation.framework in Frameworks */ = {isa = PBXBuildFile; fileRef = 6F9245E51890C8CA001EC459 /* Foundation.framework */; };
		6F9246011890C8CA001EC459 /* UIKit.framework in Frameworks */ = {isa = PBXBuildFile; fileRef = 6F9245E91890C8CA001EC459 /* UIKit.framework */; };
		6F9246091890C8CA001EC459 /* InfoPlist.strings in Resources */ = {isa = PBXBuildFile; fileRef = 6F9246071890C8CA001EC459 /* InfoPlist.strings */; };
		6F92460B1890C8CA001EC459 /* WXSwipeTableViewCellTests.m in Sources */ = {isa = PBXBuildFile; fileRef = 6F92460A1890C8CA001EC459 /* WXSwipeTableViewCellTests.m */; };
		6F9246171890C8FE001EC459 /* WXSwipeCell.m in Sources */ = {isa = PBXBuildFile; fileRef = 6F9246161890C8FE001EC459 /* WXSwipeCell.m */; };
		6F9246191890CC2C001EC459 /* Storyboard.storyboard in Resources */ = {isa = PBXBuildFile; fileRef = 6F9246181890CC2C001EC459 /* Storyboard.storyboard */; };
		6F92461D1890CC61001EC459 /* TableViewCell.m in Sources */ = {isa = PBXBuildFile; fileRef = 6F92461C1890CC61001EC459 /* TableViewCell.m */; };
		6F9246201890CC70001EC459 /* TableViewController.m in Sources */ = {isa = PBXBuildFile; fileRef = 6F92461F1890CC70001EC459 /* TableViewController.m */; };
/* End PBXBuildFile section */

/* Begin PBXContainerItemProxy section */
		6F9246021890C8CA001EC459 /* PBXContainerItemProxy */ = {
			isa = PBXContainerItemProxy;
			containerPortal = 6F9245DA1890C8CA001EC459 /* Project object */;
			proxyType = 1;
			remoteGlobalIDString = 6F9245E11890C8CA001EC459;
			remoteInfo = WXSwipeTableViewCell;
		};
/* End PBXContainerItemProxy section */

/* Begin PBXFileReference section */
		6F9245E21890C8CA001EC459 /* WXSwipeTableViewCell.app */ = {isa = PBXFileReference; explicitFileType = wrapper.application; includeInIndex = 0; path = WXSwipeTableViewCell.app; sourceTree = BUILT_PRODUCTS_DIR; };
		6F9245E51890C8CA001EC459 /* Foundation.framework */ = {isa = PBXFileReference; lastKnownFileType = wrapper.framework; name = Foundation.framework; path = System/Library/Frameworks/Foundation.framework; sourceTree = SDKROOT; };
		6F9245E71890C8CA001EC459 /* CoreGraphics.framework */ = {isa = PBXFileReference; lastKnownFileType = wrapper.framework; name = CoreGraphics.framework; path = System/Library/Frameworks/CoreGraphics.framework; sourceTree = SDKROOT; };
		6F9245E91890C8CA001EC459 /* UIKit.framework */ = {isa = PBXFileReference; lastKnownFileType = wrapper.framework; name = UIKit.framework; path = System/Library/Frameworks/UIKit.framework; sourceTree = SDKROOT; };
		6F9245ED1890C8CA001EC459 /* WXSwipeTableViewCell-Info.plist */ = {isa = PBXFileReference; lastKnownFileType = text.plist.xml; path = "WXSwipeTableViewCell-Info.plist"; sourceTree = "<group>"; };
		6F9245EF1890C8CA001EC459 /* en */ = {isa = PBXFileReference; lastKnownFileType = text.plist.strings; name = en; path = en.lproj/InfoPlist.strings; sourceTree = "<group>"; };
		6F9245F11890C8CA001EC459 /* main.m */ = {isa = PBXFileReference; lastKnownFileType = sourcecode.c.objc; path = main.m; sourceTree = "<group>"; };
		6F9245F31890C8CA001EC459 /* WXSwipeTableViewCell-Prefix.pch */ = {isa = PBXFileReference; lastKnownFileType = sourcecode.c.h; path = "WXSwipeTableViewCell-Prefix.pch"; sourceTree = "<group>"; };
		6F9245F41890C8CA001EC459 /* AppDelegate.h */ = {isa = PBXFileReference; lastKnownFileType = sourcecode.c.h; path = AppDelegate.h; sourceTree = "<group>"; };
		6F9245F51890C8CA001EC459 /* AppDelegate.m */ = {isa = PBXFileReference; lastKnownFileType = sourcecode.c.objc; path = AppDelegate.m; sourceTree = "<group>"; };
		6F9245F71890C8CA001EC459 /* Images.xcassets */ = {isa = PBXFileReference; lastKnownFileType = folder.assetcatalog; path = Images.xcassets; sourceTree = "<group>"; };
		6F9245FD1890C8CA001EC459 /* WXSwipeTableViewCellTests.xctest */ = {isa = PBXFileReference; explicitFileType = wrapper.cfbundle; includeInIndex = 0; path = WXSwipeTableViewCellTests.xctest; sourceTree = BUILT_PRODUCTS_DIR; };
		6F9245FE1890C8CA001EC459 /* XCTest.framework */ = {isa = PBXFileReference; lastKnownFileType = wrapper.framework; name = XCTest.framework; path = Library/Frameworks/XCTest.framework; sourceTree = DEVELOPER_DIR; };
		6F9246061890C8CA001EC459 /* WXSwipeTableViewCellTests-Info.plist */ = {isa = PBXFileReference; lastKnownFileType = text.plist.xml; path = "WXSwipeTableViewCellTests-Info.plist"; sourceTree = "<group>"; };
		6F9246081890C8CA001EC459 /* en */ = {isa = PBXFileReference; lastKnownFileType = text.plist.strings; name = en; path = en.lproj/InfoPlist.strings; sourceTree = "<group>"; };
		6F92460A1890C8CA001EC459 /* WXSwipeTableViewCellTests.m */ = {isa = PBXFileReference; lastKnownFileType = sourcecode.c.objc; path = WXSwipeTableViewCellTests.m; sourceTree = "<group>"; };
		6F9246151890C8FE001EC459 /* WXSwipeCell.h */ = {isa = PBXFileReference; fileEncoding = 4; lastKnownFileType = sourcecode.c.h; name = WXSwipeCell.h; path = WXSwipeCell/WXSwipeCell.h; sourceTree = "<group>"; };
		6F9246161890C8FE001EC459 /* WXSwipeCell.m */ = {isa = PBXFileReference; fileEncoding = 4; lastKnownFileType = sourcecode.c.objc; name = WXSwipeCell.m; path = WXSwipeCell/WXSwipeCell.m; sourceTree = "<group>"; };
		6F9246181890CC2C001EC459 /* Storyboard.storyboard */ = {isa = PBXFileReference; fileEncoding = 4; lastKnownFileType = file.storyboard; name = Storyboard.storyboard; path = Example/Storyboard.storyboard; sourceTree = "<group>"; };
		6F92461B1890CC61001EC459 /* TableViewCell.h */ = {isa = PBXFileReference; fileEncoding = 4; lastKnownFileType = sourcecode.c.h; name = TableViewCell.h; path = Example/TableViewCell.h; sourceTree = "<group>"; };
		6F92461C1890CC61001EC459 /* TableViewCell.m */ = {isa = PBXFileReference; fileEncoding = 4; lastKnownFileType = sourcecode.c.objc; name = TableViewCell.m; path = Example/TableViewCell.m; sourceTree = "<group>"; };
		6F92461E1890CC70001EC459 /* TableViewController.h */ = {isa = PBXFileReference; fileEncoding = 4; lastKnownFileType = sourcecode.c.h; name = TableViewController.h; path = Example/TableViewController.h; sourceTree = "<group>"; };
		6F92461F1890CC70001EC459 /* TableViewController.m */ = {isa = PBXFileReference; fileEncoding = 4; lastKnownFileType = sourcecode.c.objc; name = TableViewController.m; path = Example/TableViewController.m; sourceTree = "<group>"; };
/* End PBXFileReference section */

/* Begin PBXFrameworksBuildPhase section */
		6F9245DF1890C8CA001EC459 /* Frameworks */ = {
			isa = PBXFrameworksBuildPhase;
			buildActionMask = 2147483647;
			files = (
				6F9245E81890C8CA001EC459 /* CoreGraphics.framework in Frameworks */,
				6F9245EA1890C8CA001EC459 /* UIKit.framework in Frameworks */,
				6F9245E61890C8CA001EC459 /* Foundation.framework in Frameworks */,
			);
			runOnlyForDeploymentPostprocessing = 0;
		};
		6F9245FA1890C8CA001EC459 /* Frameworks */ = {
			isa = PBXFrameworksBuildPhase;
			buildActionMask = 2147483647;
			files = (
				6F9245FF1890C8CA001EC459 /* XCTest.framework in Frameworks */,
				6F9246011890C8CA001EC459 /* UIKit.framework in Frameworks */,
				6F9246001890C8CA001EC459 /* Foundation.framework in Frameworks */,
			);
			runOnlyForDeploymentPostprocessing = 0;
		};
/* End PBXFrameworksBuildPhase section */

/* Begin PBXGroup section */
		6F9245D91890C8CA001EC459 = {
			isa = PBXGroup;
			children = (
				6F9245EB1890C8CA001EC459 /* WXSwipeTableViewCell */,
				6F9246041890C8CA001EC459 /* WXSwipeTableViewCellTests */,
				6F9245E41890C8CA001EC459 /* Frameworks */,
				6F9245E31890C8CA001EC459 /* Products */,
			);
			sourceTree = "<group>";
		};
		6F9245E31890C8CA001EC459 /* Products */ = {
			isa = PBXGroup;
			children = (
				6F9245E21890C8CA001EC459 /* WXSwipeTableViewCell.app */,
				6F9245FD1890C8CA001EC459 /* WXSwipeTableViewCellTests.xctest */,
			);
			name = Products;
			sourceTree = "<group>";
		};
		6F9245E41890C8CA001EC459 /* Frameworks */ = {
			isa = PBXGroup;
			children = (
				6F9245E51890C8CA001EC459 /* Foundation.framework */,
				6F9245E71890C8CA001EC459 /* CoreGraphics.framework */,
				6F9245E91890C8CA001EC459 /* UIKit.framework */,
				6F9245FE1890C8CA001EC459 /* XCTest.framework */,
			);
			name = Frameworks;
			sourceTree = "<group>";
		};
		6F9245EB1890C8CA001EC459 /* WXSwipeTableViewCell */ = {
			isa = PBXGroup;
			children = (
				6F9246141890C8D2001EC459 /* WXSwipeCell */,
				6F92461A1890CC30001EC459 /* Example */,
				6F9245F41890C8CA001EC459 /* AppDelegate.h */,
				6F9245F51890C8CA001EC459 /* AppDelegate.m */,
				6F9245F71890C8CA001EC459 /* Images.xcassets */,
				6F9245EC1890C8CA001EC459 /* Supporting Files */,
			);
			path = WXSwipeTableViewCell;
			sourceTree = "<group>";
		};
		6F9245EC1890C8CA001EC459 /* Supporting Files */ = {
			isa = PBXGroup;
			children = (
				6F9245ED1890C8CA001EC459 /* WXSwipeTableViewCell-Info.plist */,
				6F9245EE1890C8CA001EC459 /* InfoPlist.strings */,
				6F9245F11890C8CA001EC459 /* main.m */,
				6F9245F31890C8CA001EC459 /* WXSwipeTableViewCell-Prefix.pch */,
			);
			name = "Supporting Files";
			sourceTree = "<group>";
		};
		6F9246041890C8CA001EC459 /* WXSwipeTableViewCellTests */ = {
			isa = PBXGroup;
			children = (
				6F92460A1890C8CA001EC459 /* WXSwipeTableViewCellTests.m */,
				6F9246051890C8CA001EC459 /* Supporting Files */,
			);
			path = WXSwipeTableViewCellTests;
			sourceTree = "<group>";
		};
		6F9246051890C8CA001EC459 /* Supporting Files */ = {
			isa = PBXGroup;
			children = (
				6F9246061890C8CA001EC459 /* WXSwipeTableViewCellTests-Info.plist */,
				6F9246071890C8CA001EC459 /* InfoPlist.strings */,
			);
			name = "Supporting Files";
			sourceTree = "<group>";
		};
		6F9246141890C8D2001EC459 /* WXSwipeCell */ = {
			isa = PBXGroup;
			children = (
				6F9246151890C8FE001EC459 /* WXSwipeCell.h */,
				6F9246161890C8FE001EC459 /* WXSwipeCell.m */,
			);
			name = WXSwipeCell;
			sourceTree = "<group>";
		};
		6F92461A1890CC30001EC459 /* Example */ = {
			isa = PBXGroup;
			children = (
				6F9246181890CC2C001EC459 /* Storyboard.storyboard */,
				6F92461B1890CC61001EC459 /* TableViewCell.h */,
				6F92461C1890CC61001EC459 /* TableViewCell.m */,
				6F92461E1890CC70001EC459 /* TableViewController.h */,
				6F92461F1890CC70001EC459 /* TableViewController.m */,
			);
			name = Example;
			sourceTree = "<group>";
		};
/* End PBXGroup section */

/* Begin PBXNativeTarget section */
		6F9245E11890C8CA001EC459 /* WXSwipeTableViewCell */ = {
			isa = PBXNativeTarget;
			buildConfigurationList = 6F92460E1890C8CA001EC459 /* Build configuration list for PBXNativeTarget "WXSwipeTableViewCell" */;
			buildPhases = (
				6F9245DE1890C8CA001EC459 /* Sources */,
				6F9245DF1890C8CA001EC459 /* Frameworks */,
				6F9245E01890C8CA001EC459 /* Resources */,
			);
			buildRules = (
			);
			dependencies = (
			);
			name = WXSwipeTableViewCell;
			productName = WXSwipeTableViewCell;
			productReference = 6F9245E21890C8CA001EC459 /* WXSwipeTableViewCell.app */;
			productType = "com.apple.product-type.application";
		};
		6F9245FC1890C8CA001EC459 /* WXSwipeTableViewCellTests */ = {
			isa = PBXNativeTarget;
			buildConfigurationList = 6F9246111890C8CA001EC459 /* Build configuration list for PBXNativeTarget "WXSwipeTableViewCellTests" */;
			buildPhases = (
				6F9245F91890C8CA001EC459 /* Sources */,
				6F9245FA1890C8CA001EC459 /* Frameworks */,
				6F9245FB1890C8CA001EC459 /* Resources */,
			);
			buildRules = (
			);
			dependencies = (
				6F9246031890C8CA001EC459 /* PBXTargetDependency */,
			);
			name = WXSwipeTableViewCellTests;
			productName = WXSwipeTableViewCellTests;
			productReference = 6F9245FD1890C8CA001EC459 /* WXSwipeTableViewCellTests.xctest */;
			productType = "com.apple.product-type.bundle.unit-test";
		};
/* End PBXNativeTarget section */

/* Begin PBXProject section */
		6F9245DA1890C8CA001EC459 /* Project object */ = {
			isa = PBXProject;
			attributes = {
				LastUpgradeCheck = 0500;
				ORGANIZATIONNAME = "Charlie Wu";
				TargetAttributes = {
					6F9245FC1890C8CA001EC459 = {
						TestTargetID = 6F9245E11890C8CA001EC459;
					};
				};
			};
			buildConfigurationList = 6F9245DD1890C8CA001EC459 /* Build configuration list for PBXProject "WXSwipeTableViewCell" */;
			compatibilityVersion = "Xcode 3.2";
			developmentRegion = English;
			hasScannedForEncodings = 0;
			knownRegions = (
				en,
			);
			mainGroup = 6F9245D91890C8CA001EC459;
			productRefGroup = 6F9245E31890C8CA001EC459 /* Products */;
			projectDirPath = "";
			projectRoot = "";
			targets = (
				6F9245E11890C8CA001EC459 /* WXSwipeTableViewCell */,
				6F9245FC1890C8CA001EC459 /* WXSwipeTableViewCellTests */,
			);
		};
/* End PBXProject section */

/* Begin PBXResourcesBuildPhase section */
		6F9245E01890C8CA001EC459 /* Resources */ = {
			isa = PBXResourcesBuildPhase;
			buildActionMask = 2147483647;
			files = (
				6F9245F01890C8CA001EC459 /* InfoPlist.strings in Resources */,
				6F9245F81890C8CA001EC459 /* Images.xcassets in Resources */,
				6F9246191890CC2C001EC459 /* Storyboard.storyboard in Resources */,
			);
			runOnlyForDeploymentPostprocessing = 0;
		};
		6F9245FB1890C8CA001EC459 /* Resources */ = {
			isa = PBXResourcesBuildPhase;
			buildActionMask = 2147483647;
			files = (
				6F9246091890C8CA001EC459 /* InfoPlist.strings in Resources */,
			);
			runOnlyForDeploymentPostprocessing = 0;
		};
/* End PBXResourcesBuildPhase section */

/* Begin PBXSourcesBuildPhase section */
		6F9245DE1890C8CA001EC459 /* Sources */ = {
			isa = PBXSourcesBuildPhase;
			buildActionMask = 2147483647;
			files = (
				6F9245F61890C8CA001EC459 /* AppDelegate.m in Sources */,
				6F92461D1890CC61001EC459 /* TableViewCell.m in Sources */,
				6F9245F21890C8CA001EC459 /* main.m in Sources */,
				6F9246201890CC70001EC459 /* TableViewController.m in Sources */,
				6F9246171890C8FE001EC459 /* WXSwipeCell.m in Sources */,
			);
			runOnlyForDeploymentPostprocessing = 0;
		};
		6F9245F91890C8CA001EC459 /* Sources */ = {
			isa = PBXSourcesBuildPhase;
			buildActionMask = 2147483647;
			files = (
				6F92460B1890C8CA001EC459 /* WXSwipeTableViewCellTests.m in Sources */,
			);
			runOnlyForDeploymentPostprocessing = 0;
		};
/* End PBXSourcesBuildPhase section */

/* Begin PBXTargetDependency section */
		6F9246031890C8CA001EC459 /* PBXTargetDependency */ = {
			isa = PBXTargetDependency;
			target = 6F9245E11890C8CA001EC459 /* WXSwipeTableViewCell */;
			targetProxy = 6F9246021890C8CA001EC459 /* PBXContainerItemProxy */;
		};
/* End PBXTargetDependency section */

/* Begin PBXVariantGroup section */
		6F9245EE1890C8CA001EC459 /* InfoPlist.strings */ = {
			isa = PBXVariantGroup;
			children = (
				6F9245EF1890C8CA001EC459 /* en */,
			);
			name = InfoPlist.strings;
			sourceTree = "<group>";
		};
		6F9246071890C8CA001EC459 /* InfoPlist.strings */ = {
			isa = PBXVariantGroup;
			children = (
				6F9246081890C8CA001EC459 /* en */,
			);
			name = InfoPlist.strings;
			sourceTree = "<group>";
		};
/* End PBXVariantGroup section */

/* Begin XCBuildConfiguration section */
		6F92460C1890C8CA001EC459 /* Debug */ = {
			isa = XCBuildConfiguration;
			buildSettings = {
				ALWAYS_SEARCH_USER_PATHS = NO;
				ARCHS = "$(ARCHS_STANDARD_INCLUDING_64_BIT)";
				CLANG_CXX_LANGUAGE_STANDARD = "gnu++0x";
				CLANG_CXX_LIBRARY = "libc++";
				CLANG_ENABLE_MODULES = YES;
				CLANG_ENABLE_OBJC_ARC = YES;
				CLANG_WARN_BOOL_CONVERSION = YES;
				CLANG_WARN_CONSTANT_CONVERSION = YES;
				CLANG_WARN_DIRECT_OBJC_ISA_USAGE = YES_ERROR;
				CLANG_WARN_EMPTY_BODY = YES;
				CLANG_WARN_ENUM_CONVERSION = YES;
				CLANG_WARN_INT_CONVERSION = YES;
				CLANG_WARN_OBJC_ROOT_CLASS = YES_ERROR;
				CLANG_WARN__DUPLICATE_METHOD_MATCH = YES;
				"CODE_SIGN_IDENTITY[sdk=iphoneos*]" = "iPhone Developer";
				COPY_PHASE_STRIP = NO;
				GCC_C_LANGUAGE_STANDARD = gnu99;
				GCC_DYNAMIC_NO_PIC = NO;
				GCC_OPTIMIZATION_LEVEL = 0;
				GCC_PREPROCESSOR_DEFINITIONS = (
					"DEBUG=1",
					"$(inherited)",
				);
				GCC_SYMBOLS_PRIVATE_EXTERN = NO;
				GCC_WARN_64_TO_32_BIT_CONVERSION = YES;
				GCC_WARN_ABOUT_RETURN_TYPE = YES_ERROR;
				GCC_WARN_UNDECLARED_SELECTOR = YES;
				GCC_WARN_UNINITIALIZED_AUTOS = YES;
				GCC_WARN_UNUSED_FUNCTION = YES;
				GCC_WARN_UNUSED_VARIABLE = YES;
				IPHONEOS_DEPLOYMENT_TARGET = 7.0;
				ONLY_ACTIVE_ARCH = YES;
				SDKROOT = iphoneos;
				TARGETED_DEVICE_FAMILY = "1,2";
			};
			name = Debug;
		};
		6F92460D1890C8CA001EC459 /* Release */ = {
			isa = XCBuildConfiguration;
			buildSettings = {
				ALWAYS_SEARCH_USER_PATHS = NO;
				ARCHS = "$(ARCHS_STANDARD_INCLUDING_64_BIT)";
				CLANG_CXX_LANGUAGE_STANDARD = "gnu++0x";
				CLANG_CXX_LIBRARY = "libc++";
				CLANG_ENABLE_MODULES = YES;
				CLANG_ENABLE_OBJC_ARC = YES;
				CLANG_WARN_BOOL_CONVERSION = YES;
				CLANG_WARN_CONSTANT_CONVERSION = YES;
				CLANG_WARN_DIRECT_OBJC_ISA_USAGE = YES_ERROR;
				CLANG_WARN_EMPTY_BODY = YES;
				CLANG_WARN_ENUM_CONVERSION = YES;
				CLANG_WARN_INT_CONVERSION = YES;
				CLANG_WARN_OBJC_ROOT_CLASS = YES_ERROR;
				CLANG_WARN__DUPLICATE_METHOD_MATCH = YES;
				"CODE_SIGN_IDENTITY[sdk=iphoneos*]" = "iPhone Developer";
				COPY_PHASE_STRIP = YES;
				ENABLE_NS_ASSERTIONS = NO;
				GCC_C_LANGUAGE_STANDARD = gnu99;
				GCC_WARN_64_TO_32_BIT_CONVERSION = YES;
				GCC_WARN_ABOUT_RETURN_TYPE = YES_ERROR;
				GCC_WARN_UNDECLARED_SELECTOR = YES;
				GCC_WARN_UNINITIALIZED_AUTOS = YES;
				GCC_WARN_UNUSED_FUNCTION = YES;
				GCC_WARN_UNUSED_VARIABLE = YES;
				IPHONEOS_DEPLOYMENT_TARGET = 7.0;
				SDKROOT = iphoneos;
				TARGETED_DEVICE_FAMILY = "1,2";
				VALIDATE_PRODUCT = YES;
			};
			name = Release;
		};
		6F92460F1890C8CA001EC459 /* Debug */ = {
			isa = XCBuildConfiguration;
			buildSettings = {
				ASSETCATALOG_COMPILER_APPICON_NAME = AppIcon;
				ASSETCATALOG_COMPILER_LAUNCHIMAGE_NAME = LaunchImage;
				GCC_PRECOMPILE_PREFIX_HEADER = YES;
				GCC_PREFIX_HEADER = "WXSwipeTableViewCell/WXSwipeTableViewCell-Prefix.pch";
				INFOPLIST_FILE = "WXSwipeTableViewCell/WXSwipeTableViewCell-Info.plist";
				PRODUCT_NAME = "$(TARGET_NAME)";
				WRAPPER_EXTENSION = app;
			};
			name = Debug;
		};
		6F9246101890C8CA001EC459 /* Release */ = {
			isa = XCBuildConfiguration;
			buildSettings = {
				ASSETCATALOG_COMPILER_APPICON_NAME = AppIcon;
				ASSETCATALOG_COMPILER_LAUNCHIMAGE_NAME = LaunchImage;
				GCC_PRECOMPILE_PREFIX_HEADER = YES;
				GCC_PREFIX_HEADER = "WXSwipeTableViewCell/WXSwipeTableViewCell-Prefix.pch";
				INFOPLIST_FILE = "WXSwipeTableViewCell/WXSwipeTableViewCell-Info.plist";
				PRODUCT_NAME = "$(TARGET_NAME)";
				WRAPPER_EXTENSION = app;
			};
			name = Release;
		};
		6F9246121890C8CA001EC459 /* Debug */ = {
			isa = XCBuildConfiguration;
			buildSettings = {
				ARCHS = "$(ARCHS_STANDARD_INCLUDING_64_BIT)";
				BUNDLE_LOADER = "$(BUILT_PRODUCTS_DIR)/WXSwipeTableViewCell.app/WXSwipeTableViewCell";
				FRAMEWORK_SEARCH_PATHS = (
					"$(SDKROOT)/Developer/Library/Frameworks",
					"$(inherited)",
					"$(DEVELOPER_FRAMEWORKS_DIR)",
				);
				GCC_PRECOMPILE_PREFIX_HEADER = YES;
				GCC_PREFIX_HEADER = "WXSwipeTableViewCell/WXSwipeTableViewCell-Prefix.pch";
				GCC_PREPROCESSOR_DEFINITIONS = (
					"DEBUG=1",
					"$(inherited)",
				);
				INFOPLIST_FILE = "WXSwipeTableViewCellTests/WXSwipeTableViewCellTests-Info.plist";
				PRODUCT_NAME = "$(TARGET_NAME)";
				TEST_HOST = "$(BUNDLE_LOADER)";
				WRAPPER_EXTENSION = xctest;
			};
			name = Debug;
		};
		6F9246131890C8CA001EC459 /* Release */ = {
			isa = XCBuildConfiguration;
			buildSettings = {
				ARCHS = "$(ARCHS_STANDARD_INCLUDING_64_BIT)";
				BUNDLE_LOADER = "$(BUILT_PRODUCTS_DIR)/WXSwipeTableViewCell.app/WXSwipeTableViewCell";
				FRAMEWORK_SEARCH_PATHS = (
					"$(SDKROOT)/Developer/Library/Frameworks",
					"$(inherited)",
					"$(DEVELOPER_FRAMEWORKS_DIR)",
				);
				GCC_PRECOMPILE_PREFIX_HEADER = YES;
				GCC_PREFIX_HEADER = "WXSwipeTableViewCell/WXSwipeTableViewCell-Prefix.pch";
				INFOPLIST_FILE = "WXSwipeTableViewCellTests/WXSwipeTableViewCellTests-Info.plist";
				PRODUCT_NAME = "$(TARGET_NAME)";
				TEST_HOST = "$(BUNDLE_LOADER)";
				WRAPPER_EXTENSION = xctest;
			};
			name = Release;
		};
/* End XCBuildConfiguration section */

/* Begin XCConfigurationList section */
		6F9245DD1890C8CA001EC459 /* Build configuration list for PBXProject "WXSwipeTableViewCell" */ = {
			isa = XCConfigurationList;
			buildConfigurations = (
				6F92460C1890C8CA001EC459 /* Debug */,
				6F92460D1890C8CA001EC459 /* Release */,
			);
			defaultConfigurationIsVisible = 0;
			defaultConfigurationName = Release;
		};
		6F92460E1890C8CA001EC459 /* Build configuration list for PBXNativeTarget "WXSwipeTableViewCell" */ = {
			isa = XCConfigurationList;
			buildConfigurations = (
				6F92460F1890C8CA001EC459 /* Debug */,
				6F9246101890C8CA001EC459 /* Release */,
			);
			defaultConfigurationIsVisible = 0;
		};
		6F9246111890C8CA001EC459 /* Build configuration list for PBXNativeTarget "WXSwipeTableViewCellTests" */ = {
			isa = XCConfigurationList;
			buildConfigurations = (
				6F9246121890C8CA001EC459 /* Debug */,
				6F9246131890C8CA001EC459 /* Release */,
			);
			defaultConfigurationIsVisible = 0;
		};
/* End XCConfigurationList section */
	};
	rootObject = 6F9245DA1890C8CA001EC459 /* Project object */;
}
